
Microsoft Visual Studio Solution File, Format Version 12.00
# Visual Studio Version 17
VisualStudioVersion = 17.3.32929.385
MinimumVisualStudioVersion = 10.0.40219.1
Project("{FAE04EC0-301F-11D3-BF4B-00C04F79EFBC}") = "Wanessav4", "Wanessav4.csproj", "{F27FCF29-7946-4914-8BD2-9943A7783AED}"
EndProject
Global
	GlobalSection(SolutionConfigurationPlatforms) = preSolution
		Debug|Any CPU = Debug|Any CPU
		Release|Any CPU = Release|Any CPU
	EndGlobalSection
	GlobalSection(ProjectConfigurationPlatforms) = postSolution
		{F27FCF29-7946-4914-8BD2-9943A7783AED}.Debug|Any CPU.ActiveCfg = Debug|Any CPU
		{F27FCF29-7946-4914-8BD2-9943A7783AED}.Debug|Any CPU.Build.0 = Debug|Any CPU
		{F27FCF29-7946-4914-8BD2-9943A7783AED}.Release|Any CPU.ActiveCfg = Release|Any CPU
		{F27FCF29-7946-4914-8BD2-9943A7783AED}.Release|Any CPU.Build.0 = Release|Any CPU
	EndGlobalSection
	GlobalSection(SolutionProperties) = preSolution
		HideSolutionNode = FALSE
	EndGlobalSection
	GlobalSection(ExtensibilityGlobals) = postSolution
		SolutionGuid = {1AF332E9-A5B2-455B-B051-833F605B962C}
	EndGlobalSection
EndGlobal
